
Microsoft Visual Studio Solution File, Format Version 12.00
# Visual Studio Version 16
VisualStudioVersion = 16.0.30621.155
MinimumVisualStudioVersion = 15.0.26124.0
Project("{2150E333-8FDC-42A3-9474-1A3956D46DE8}") = "src", "src", "{60D827A0-61B0-41B0-BC54-6F4C9FD5AF43}"
EndProject
Project("{2150E333-8FDC-42A3-9474-1A3956D46DE8}") = "services", "services", "{96BE36D4-3480-4257-849E-9B3B082D97FB}"
EndProject
Project("{2150E333-8FDC-42A3-9474-1A3956D46DE8}") = "calcula-juros", "calcula-juros", "{AD4EAC89-E654-4489-8105-E39A23681275}"
EndProject
Project("{2150E333-8FDC-42A3-9474-1A3956D46DE8}") = "taxa-juros", "taxa-juros", "{4EBDB745-1A3C-457D-BCBF-526B3201AF7B}"
EndProject
Project("{2150E333-8FDC-42A3-9474-1A3956D46DE8}") = "show-me-the-code", "show-me-the-code", "{AA57A2BF-9F58-4A08-BCF1-3A5BBF3F3EFF}"
EndProject
Project("{9A19103F-16F7-4668-BE54-9A1E7A4F7556}") = "ShowMeTheCode.API", "src\services\show-me-the-code\ShowMeTheCode.API\ShowMeTheCode.API.csproj", "{B61D6748-E783-40A1-8F53-26FDFC754A2E}"
EndProject
Project("{9A19103F-16F7-4668-BE54-9A1E7A4F7556}") = "CalculaJuros.API", "src\services\calcula-juros\CalculaJuros.API\CalculaJuros.API.csproj", "{3C883FCD-8212-4983-91CA-59280D3B11E1}"
EndProject
Project("{FAE04EC0-301F-11D3-BF4B-00C04F79EFBC}") = "TaxaJuros.API", "src\services\taxa-juros\TaxaJuros.API\TaxaJuros.API.csproj", "{3C7628EC-4C98-479F-918B-D7BD2799CC57}"
EndProject
Global
	GlobalSection(SolutionConfigurationPlatforms) = preSolution
		Debug|Any CPU = Debug|Any CPU
		Debug|x64 = Debug|x64
		Debug|x86 = Debug|x86
		Release|Any CPU = Release|Any CPU
		Release|x64 = Release|x64
		Release|x86 = Release|x86
	EndGlobalSection
	GlobalSection(ProjectConfigurationPlatforms) = postSolution
		{B61D6748-E783-40A1-8F53-26FDFC754A2E}.Debug|Any CPU.ActiveCfg = Debug|Any CPU
		{B61D6748-E783-40A1-8F53-26FDFC754A2E}.Debug|Any CPU.Build.0 = Debug|Any CPU
		{B61D6748-E783-40A1-8F53-26FDFC754A2E}.Debug|x64.ActiveCfg = Debug|Any CPU
		{B61D6748-E783-40A1-8F53-26FDFC754A2E}.Debug|x64.Build.0 = Debug|Any CPU
		{B61D6748-E783-40A1-8F53-26FDFC754A2E}.Debug|x86.ActiveCfg = Debug|Any CPU
		{B61D6748-E783-40A1-8F53-26FDFC754A2E}.Debug|x86.Build.0 = Debug|Any CPU
		{B61D6748-E783-40A1-8F53-26FDFC754A2E}.Release|Any CPU.ActiveCfg = Release|Any CPU
		{B61D6748-E783-40A1-8F53-26FDFC754A2E}.Release|Any CPU.Build.0 = Release|Any CPU
		{B61D6748-E783-40A1-8F53-26FDFC754A2E}.Release|x64.ActiveCfg = Release|Any CPU
		{B61D6748-E783-40A1-8F53-26FDFC754A2E}.Release|x64.Build.0 = Release|Any CPU
		{B61D6748-E783-40A1-8F53-26FDFC754A2E}.Release|x86.ActiveCfg = Release|Any CPU
		{B61D6748-E783-40A1-8F53-26FDFC754A2E}.Release|x86.Build.0 = Release|Any CPU
		{3C883FCD-8212-4983-91CA-59280D3B11E1}.Debug|Any CPU.ActiveCfg = Debug|Any CPU
		{3C883FCD-8212-4983-91CA-59280D3B11E1}.Debug|Any CPU.Build.0 = Debug|Any CPU
		{3C883FCD-8212-4983-91CA-59280D3B11E1}.Debug|x64.ActiveCfg = Debug|Any CPU
		{3C883FCD-8212-4983-91CA-59280D3B11E1}.Debug|x64.Build.0 = Debug|Any CPU
		{3C883FCD-8212-4983-91CA-59280D3B11E1}.Debug|x86.ActiveCfg = Debug|Any CPU
		{3C883FCD-8212-4983-91CA-59280D3B11E1}.Debug|x86.Build.0 = Debug|Any CPU
		{3C883FCD-8212-4983-91CA-59280D3B11E1}.Release|Any CPU.ActiveCfg = Release|Any CPU
		{3C883FCD-8212-4983-91CA-59280D3B11E1}.Release|Any CPU.Build.0 = Release|Any CPU
		{3C883FCD-8212-4983-91CA-59280D3B11E1}.Release|x64.ActiveCfg = Release|Any CPU
		{3C883FCD-8212-4983-91CA-59280D3B11E1}.Release|x64.Build.0 = Release|Any CPU
		{3C883FCD-8212-4983-91CA-59280D3B11E1}.Release|x86.ActiveCfg = Release|Any CPU
		{3C883FCD-8212-4983-91CA-59280D3B11E1}.Release|x86.Build.0 = Release|Any CPU
		{3C7628EC-4C98-479F-918B-D7BD2799CC57}.Debug|Any CPU.ActiveCfg = Debug|Any CPU
		{3C7628EC-4C98-479F-918B-D7BD2799CC57}.Debug|Any CPU.Build.0 = Debug|Any CPU
		{3C7628EC-4C98-479F-918B-D7BD2799CC57}.Debug|x64.ActiveCfg = Debug|Any CPU
		{3C7628EC-4C98-479F-918B-D7BD2799CC57}.Debug|x64.Build.0 = Debug|Any CPU
		{3C7628EC-4C98-479F-918B-D7BD2799CC57}.Debug|x86.ActiveCfg = Debug|Any CPU
		{3C7628EC-4C98-479F-918B-D7BD2799CC57}.Debug|x86.Build.0 = Debug|Any CPU
		{3C7628EC-4C98-479F-918B-D7BD2799CC57}.Release|Any CPU.ActiveCfg = Release|Any CPU
		{3C7628EC-4C98-479F-918B-D7BD2799CC57}.Release|Any CPU.Build.0 = Release|Any CPU
		{3C7628EC-4C98-479F-918B-D7BD2799CC57}.Release|x64.ActiveCfg = Release|Any CPU
		{3C7628EC-4C98-479F-918B-D7BD2799CC57}.Release|x64.Build.0 = Release|Any CPU
		{3C7628EC-4C98-479F-918B-D7BD2799CC57}.Release|x86.ActiveCfg = Release|Any CPU
		{3C7628EC-4C98-479F-918B-D7BD2799CC57}.Release|x86.Build.0 = Release|Any CPU
	EndGlobalSection
	GlobalSection(SolutionProperties) = preSolution
		HideSolutionNode = FALSE
	EndGlobalSection
	GlobalSection(NestedProjects) = preSolution
		{96BE36D4-3480-4257-849E-9B3B082D97FB} = {60D827A0-61B0-41B0-BC54-6F4C9FD5AF43}
		{AD4EAC89-E654-4489-8105-E39A23681275} = {96BE36D4-3480-4257-849E-9B3B082D97FB}
		{4EBDB745-1A3C-457D-BCBF-526B3201AF7B} = {96BE36D4-3480-4257-849E-9B3B082D97FB}
		{AA57A2BF-9F58-4A08-BCF1-3A5BBF3F3EFF} = {96BE36D4-3480-4257-849E-9B3B082D97FB}
		{B61D6748-E783-40A1-8F53-26FDFC754A2E} = {AA57A2BF-9F58-4A08-BCF1-3A5BBF3F3EFF}
		{3C883FCD-8212-4983-91CA-59280D3B11E1} = {AD4EAC89-E654-4489-8105-E39A23681275}
		{3C7628EC-4C98-479F-918B-D7BD2799CC57} = {4EBDB745-1A3C-457D-BCBF-526B3201AF7B}
	EndGlobalSection
	GlobalSection(ExtensibilityGlobals) = postSolution
		SolutionGuid = {6AB31289-B0E3-4ED0-BC8A-EFA248B57D7F}
	EndGlobalSection
EndGlobal
